
Microsoft Visual Studio Solution File, Format Version 12.00
# Visual Studio Version 16
VisualStudioVersion = 16.0.32002.261
MinimumVisualStudioVersion = 10.0.40219.1
Project("{FAE04EC0-301F-11D3-BF4B-00C04F79EFBC}") = "RJSilvas.MoneyLib.Tests", "tests\RJSilvas.MoneyLib.Tests\RJSilvas.MoneyLib.Tests.csproj", "{A270A5F5-32F8-4D73-B0B6-5F69A5EC52FC}"
EndProject
Project("{FAE04EC0-301F-11D3-BF4B-00C04F79EFBC}") = "RJSilvas.MoneyLib.Core", "src\RJSilvas.MoneyLib.Core\RJSilvas.MoneyLib.Core.csproj", "{0E011F5D-706C-4F2F-B33D-0D30504ED257}"
EndProject
Global
	GlobalSection(SolutionConfigurationPlatforms) = preSolution
		Debug|Any CPU = Debug|Any CPU
		Release|Any CPU = Release|Any CPU
	EndGlobalSection
	GlobalSection(ProjectConfigurationPlatforms) = postSolution
		{A270A5F5-32F8-4D73-B0B6-5F69A5EC52FC}.Debug|Any CPU.ActiveCfg = Debug|Any CPU
		{A270A5F5-32F8-4D73-B0B6-5F69A5EC52FC}.Debug|Any CPU.Build.0 = Debug|Any CPU
		{A270A5F5-32F8-4D73-B0B6-5F69A5EC52FC}.Release|Any CPU.ActiveCfg = Release|Any CPU
		{A270A5F5-32F8-4D73-B0B6-5F69A5EC52FC}.Release|Any CPU.Build.0 = Release|Any CPU
		{0E011F5D-706C-4F2F-B33D-0D30504ED257}.Debug|Any CPU.ActiveCfg = Debug|Any CPU
		{0E011F5D-706C-4F2F-B33D-0D30504ED257}.Debug|Any CPU.Build.0 = Debug|Any CPU
		{0E011F5D-706C-4F2F-B33D-0D30504ED257}.Release|Any CPU.ActiveCfg = Release|Any CPU
		{0E011F5D-706C-4F2F-B33D-0D30504ED257}.Release|Any CPU.Build.0 = Release|Any CPU
	EndGlobalSection
	GlobalSection(SolutionProperties) = preSolution
		HideSolutionNode = FALSE
	EndGlobalSection
	GlobalSection(ExtensibilityGlobals) = postSolution
		SolutionGuid = {498EB889-6AA9-4F3E-94B1-7C0C21D56201}
	EndGlobalSection
EndGlobal
